
Microsoft Visual Studio Solution File, Format Version 12.00
# Visual Studio 15
VisualStudioVersion = 15.0.27703.2035
MinimumVisualStudioVersion = 10.0.40219.1
Project("{9A19103F-16F7-4668-BE54-9A1E7A4F7556}") = "Countries.Web", "Countries.Web\Countries.Web.csproj", "{D228DF0B-0CA2-465B-AB8E-6FDC4370615C}"
EndProject
Project("{9A19103F-16F7-4668-BE54-9A1E7A4F7556}") = "Countries.Tests", "Countries.Tests\Countries.Tests.csproj", "{93051839-1AB3-4E63-A813-E4E3F1C07892}"
EndProject
Project("{FAE04EC0-301F-11D3-BF4B-00C04F79EFBC}") = "Countries.Cli", "Countries.Cli\Countries.Cli.csproj", "{C203BB76-810C-45E7-BFF1-C4AD7B5595DF}"
EndProject
Global
	GlobalSection(SolutionConfigurationPlatforms) = preSolution
		Debug|Any CPU = Debug|Any CPU
		Release|Any CPU = Release|Any CPU
	EndGlobalSection
	GlobalSection(ProjectConfigurationPlatforms) = postSolution
		{D228DF0B-0CA2-465B-AB8E-6FDC4370615C}.Debug|Any CPU.ActiveCfg = Debug|Any CPU
		{D228DF0B-0CA2-465B-AB8E-6FDC4370615C}.Debug|Any CPU.Build.0 = Debug|Any CPU
		{D228DF0B-0CA2-465B-AB8E-6FDC4370615C}.Release|Any CPU.ActiveCfg = Release|Any CPU
		{D228DF0B-0CA2-465B-AB8E-6FDC4370615C}.Release|Any CPU.Build.0 = Release|Any CPU
		{93051839-1AB3-4E63-A813-E4E3F1C07892}.Debug|Any CPU.ActiveCfg = Debug|Any CPU
		{93051839-1AB3-4E63-A813-E4E3F1C07892}.Debug|Any CPU.Build.0 = Debug|Any CPU
		{93051839-1AB3-4E63-A813-E4E3F1C07892}.Release|Any CPU.ActiveCfg = Release|Any CPU
		{93051839-1AB3-4E63-A813-E4E3F1C07892}.Release|Any CPU.Build.0 = Release|Any CPU
		{C203BB76-810C-45E7-BFF1-C4AD7B5595DF}.Debug|Any CPU.ActiveCfg = Debug|Any CPU
		{C203BB76-810C-45E7-BFF1-C4AD7B5595DF}.Debug|Any CPU.Build.0 = Debug|Any CPU
		{C203BB76-810C-45E7-BFF1-C4AD7B5595DF}.Release|Any CPU.ActiveCfg = Release|Any CPU
		{C203BB76-810C-45E7-BFF1-C4AD7B5595DF}.Release|Any CPU.Build.0 = Release|Any CPU
	EndGlobalSection
	GlobalSection(SolutionProperties) = preSolution
		HideSolutionNode = FALSE
	EndGlobalSection
	GlobalSection(ExtensibilityGlobals) = postSolution
		SolutionGuid = {8967A981-FA4A-49DD-B97C-CE6A211E7A99}
	EndGlobalSection
EndGlobal
